// !$*UTF8*$!
{
	archiveVersion = 1;
	classes = {
	};
	objectVersion = 50;
	objects = {

/* Begin PBXBuildFile section */
		A23E679B253986C600B12688 /* AppDelegate.m in Sources */ = {isa = PBXBuildFile; fileRef = A23E679A253986C600B12688 /* AppDelegate.m */; };
		A23E679E253986C600B12688 /* SceneDelegate.m in Sources */ = {isa = PBXBuildFile; fileRef = A23E679D253986C600B12688 /* SceneDelegate.m */; };
		A23E67A1253986C600B12688 /* ViewController.mm in Sources */ = {isa = PBXBuildFile; fileRef = A23E67A0253986C600B12688 /* ViewController.mm */; };
		A23E67A4253986C600B12688 /* Main.storyboard in Resources */ = {isa = PBXBuildFile; fileRef = A23E67A2253986C600B12688 /* Main.storyboard */; };
		A23E67A6253986C900B12688 /* Assets.xcassets in Resources */ = {isa = PBXBuildFile; fileRef = A23E67A5253986C900B12688 /* Assets.xcassets */; };
		A23E67A9253986C900B12688 /* LaunchScreen.storyboard in Resources */ = {isa = PBXBuildFile; fileRef = A23E67A7253986C900B12688 /* LaunchScreen.storyboard */; };
		A23E67AC253986C900B12688 /* main.m in Sources */ = {isa = PBXBuildFile; fileRef = A23E67AB253986C900B12688 /* main.m */; };
		A23E67B6253986CA00B12688 /* TestTests.m in Sources */ = {isa = PBXBuildFile; fileRef = A23E67B5253986CA00B12688 /* TestTests.m */; };
		A23E67C1253986CA00B12688 /* TestUITests.m in Sources */ = {isa = PBXBuildFile; fileRef = A23E67C0253986CA00B12688 /* TestUITests.m */; };
/* End PBXBuildFile section */

/* Begin PBXContainerItemProxy section */
		A23E67B2253986CA00B12688 /* PBXContainerItemProxy */ = {
			isa = PBXContainerItemProxy;
			containerPortal = A23E678E253986C600B12688 /* Project object */;
			proxyType = 1;
			remoteGlobalIDString = A23E6795253986C600B12688;
			remoteInfo = Test;
		};
		A23E67BD253986CA00B12688 /* PBXContainerItemProxy */ = {
			isa = PBXContainerItemProxy;
			containerPortal = A23E678E253986C600B12688 /* Project object */;
			proxyType = 1;
			remoteGlobalIDString = A23E6795253986C600B12688;
			remoteInfo = Test;
		};
/* End PBXContainerItemProxy section */

/* Begin PBXFileReference section */
		A23E6796253986C600B12688 /* Test.app */ = {isa = PBXFileReference; explicitFileType = wrapper.application; includeInIndex = 0; path = Test.app; sourceTree = BUILT_PRODUCTS_DIR; };
		A23E6799253986C600B12688 /* AppDelegate.h */ = {isa = PBXFileReference; lastKnownFileType = sourcecode.c.h; path = AppDelegate.h; sourceTree = "<group>"; };
		A23E679A253986C600B12688 /* AppDelegate.m */ = {isa = PBXFileReference; lastKnownFileType = sourcecode.c.objc; path = AppDelegate.m; sourceTree = "<group>"; };
		A23E679C253986C600B12688 /* SceneDelegate.h */ = {isa = PBXFileReference; lastKnownFileType = sourcecode.c.h; path = SceneDelegate.h; sourceTree = "<group>"; };
		A23E679D253986C600B12688 /* SceneDelegate.m */ = {isa = PBXFileReference; lastKnownFileType = sourcecode.c.objc; path = SceneDelegate.m; sourceTree = "<group>"; };
		A23E679F253986C600B12688 /* ViewController.h */ = {isa = PBXFileReference; lastKnownFileType = sourcecode.c.h; path = ViewController.h; sourceTree = "<group>"; };
		A23E67A0253986C600B12688 /* ViewController.mm */ = {isa = PBXFileReference; lastKnownFileType = sourcecode.cpp.objcpp; path = ViewController.mm; sourceTree = "<group>"; };
		A23E67A3253986C600B12688 /* Base */ = {isa = PBXFileReference; lastKnownFileType = file.storyboard; name = Base; path = Base.lproj/Main.storyboard; sourceTree = "<group>"; };
		A23E67A5253986C900B12688 /* Assets.xcassets */ = {isa = PBXFileReference; lastKnownFileType = folder.assetcatalog; path = Assets.xcassets; sourceTree = "<group>"; };
		A23E67A8253986C900B12688 /* Base */ = {isa = PBXFileReference; lastKnownFileType = file.storyboard; name = Base; path = Base.lproj/LaunchScreen.storyboard; sourceTree = "<group>"; };
		A23E67AA253986C900B12688 /* Info.plist */ = {isa = PBXFileReference; lastKnownFileType = text.plist.xml; path = Info.plist; sourceTree = "<group>"; };
		A23E67AB253986C900B12688 /* main.m */ = {isa = PBXFileReference; lastKnownFileType = sourcecode.c.objc; path = main.m; sourceTree = "<group>"; };
		A23E67B1253986CA00B12688 /* TestTests.xctest */ = {isa = PBXFileReference; explicitFileType = wrapper.cfbundle; includeInIndex = 0; path = TestTests.xctest; sourceTree = BUILT_PRODUCTS_DIR; };
		A23E67B5253986CA00B12688 /* TestTests.m */ = {isa = PBXFileReference; lastKnownFileType = sourcecode.c.objc; path = TestTests.m; sourceTree = "<group>"; };
		A23E67B7253986CA00B12688 /* Info.plist */ = {isa = PBXFileReference; lastKnownFileType = text.plist.xml; path = Info.plist; sourceTree = "<group>"; };
		A23E67BC253986CA00B12688 /* TestUITests.xctest */ = {isa = PBXFileReference; explicitFileType = wrapper.cfbundle; includeInIndex = 0; path = TestUITests.xctest; sourceTree = BUILT_PRODUCTS_DIR; };
		A23E67C0253986CA00B12688 /* TestUITests.m */ = {isa = PBXFileReference; lastKnownFileType = sourcecode.c.objc; path = TestUITests.m; sourceTree = "<group>"; };
		A23E67C2253986CA00B12688 /* Info.plist */ = {isa = PBXFileReference; lastKnownFileType = text.plist.xml; path = Info.plist; sourceTree = "<group>"; };
		A23E67D1253986E800B12688 /* Test.h */ = {isa = PBXFileReference; lastKnownFileType = sourcecode.c.h; path = Test.h; sourceTree = "<group>"; };
/* End PBXFileReference section */

/* Begin PBXFrameworksBuildPhase section */
		A23E6793253986C600B12688 /* Frameworks */ = {
			isa = PBXFrameworksBuildPhase;
			buildActionMask = 2147483647;
			files = (
			);
			runOnlyForDeploymentPostprocessing = 0;
		};
		A23E67AE253986CA00B12688 /* Frameworks */ = {
			isa = PBXFrameworksBuildPhase;
			buildActionMask = 2147483647;
			files = (
			);
			runOnlyForDeploymentPostprocessing = 0;
		};
		A23E67B9253986CA00B12688 /* Frameworks */ = {
			isa = PBXFrameworksBuildPhase;
			buildActionMask = 2147483647;
			files = (
			);
			runOnlyForDeploymentPostprocessing = 0;
		};
/* End PBXFrameworksBuildPhase section */

/* Begin PBXGroup section */
		A23E678D253986C600B12688 = {
			isa = PBXGroup;
			children = (
				A23E6798253986C600B12688 /* Test */,
				A23E67B4253986CA00B12688 /* TestTests */,
				A23E67BF253986CA00B12688 /* TestUITests */,
				A23E6797253986C600B12688 /* Products */,
			);
			sourceTree = "<group>";
		};
		A23E6797253986C600B12688 /* Products */ = {
			isa = PBXGroup;
			children = (
				A23E6796253986C600B12688 /* Test.app */,
				A23E67B1253986CA00B12688 /* TestTests.xctest */,
				A23E67BC253986CA00B12688 /* TestUITests.xctest */,
			);
			name = Products;
			sourceTree = "<group>";
		};
		A23E6798253986C600B12688 /* Test */ = {
			isa = PBXGroup;
			children = (
				A23E6799253986C600B12688 /* AppDelegate.h */,
				A23E679A253986C600B12688 /* AppDelegate.m */,
				A23E679C253986C600B12688 /* SceneDelegate.h */,
				A23E679D253986C600B12688 /* SceneDelegate.m */,
				A23E679F253986C600B12688 /* ViewController.h */,
				A23E67A0253986C600B12688 /* ViewController.mm */,
				A23E67A2253986C600B12688 /* Main.storyboard */,
				A23E67A5253986C900B12688 /* Assets.xcassets */,
				A23E67A7253986C900B12688 /* LaunchScreen.storyboard */,
				A23E67AA253986C900B12688 /* Info.plist */,
				A23E67AB253986C900B12688 /* main.m */,
				A23E67D1253986E800B12688 /* Test.h */,
			);
			path = Test;
			sourceTree = "<group>";
		};
		A23E67B4253986CA00B12688 /* TestTests */ = {
			isa = PBXGroup;
			children = (
				A23E67B5253986CA00B12688 /* TestTests.m */,
				A23E67B7253986CA00B12688 /* Info.plist */,
			);
			path = TestTests;
			sourceTree = "<group>";
		};
		A23E67BF253986CA00B12688 /* TestUITests */ = {
			isa = PBXGroup;
			children = (
				A23E67C0253986CA00B12688 /* TestUITests.m */,
				A23E67C2253986CA00B12688 /* Info.plist */,
			);
			path = TestUITests;
			sourceTree = "<group>";
		};
/* End PBXGroup section */

/* Begin PBXNativeTarget section */
		A23E6795253986C600B12688 /* Test */ = {
			isa = PBXNativeTarget;
			buildConfigurationList = A23E67C5253986CA00B12688 /* Build configuration list for PBXNativeTarget "Test" */;
			buildPhases = (
				A23E6792253986C600B12688 /* Sources */,
				A23E6793253986C600B12688 /* Frameworks */,
				A23E6794253986C600B12688 /* Resources */,
			);
			buildRules = (
			);
			dependencies = (
			);
			name = Test;
			productName = Test;
			productReference = A23E6796253986C600B12688 /* Test.app */;
			productType = "com.apple.product-type.application";
		};
		A23E67B0253986CA00B12688 /* TestTests */ = {
			isa = PBXNativeTarget;
			buildConfigurationList = A23E67C8253986CA00B12688 /* Build configuration list for PBXNativeTarget "TestTests" */;
			buildPhases = (
				A23E67AD253986CA00B12688 /* Sources */,
				A23E67AE253986CA00B12688 /* Frameworks */,
				A23E67AF253986CA00B12688 /* Resources */,
			);
			buildRules = (
			);
			dependencies = (
				A23E67B3253986CA00B12688 /* PBXTargetDependency */,
			);
			name = TestTests;
			productName = TestTests;
			productReference = A23E67B1253986CA00B12688 /* TestTests.xctest */;
			productType = "com.apple.product-type.bundle.unit-test";
		};
		A23E67BB253986CA00B12688 /* TestUITests */ = {
			isa = PBXNativeTarget;
			buildConfigurationList = A23E67CB253986CA00B12688 /* Build configuration list for PBXNativeTarget "TestUITests" */;
			buildPhases = (
				A23E67B8253986CA00B12688 /* Sources */,
				A23E67B9253986CA00B12688 /* Frameworks */,
				A23E67BA253986CA00B12688 /* Resources */,
			);
			buildRules = (
			);
			dependencies = (
				A23E67BE253986CA00B12688 /* PBXTargetDependency */,
			);
			name = TestUITests;
			productName = TestUITests;
			productReference = A23E67BC253986CA00B12688 /* TestUITests.xctest */;
			productType = "com.apple.product-type.bundle.ui-testing";
		};
/* End PBXNativeTarget section */

/* Begin PBXProject section */
		A23E678E253986C600B12688 /* Project object */ = {
			isa = PBXProject;
			attributes = {
				LastUpgradeCheck = 1200;
				TargetAttributes = {
					A23E6795253986C600B12688 = {
						CreatedOnToolsVersion = 12.0.1;
					};
					A23E67B0253986CA00B12688 = {
						CreatedOnToolsVersion = 12.0.1;
						TestTargetID = A23E6795253986C600B12688;
					};
					A23E67BB253986CA00B12688 = {
						CreatedOnToolsVersion = 12.0.1;
						TestTargetID = A23E6795253986C600B12688;
					};
				};
			};
			buildConfigurationList = A23E6791253986C600B12688 /* Build configuration list for PBXProject "Test" */;
			compatibilityVersion = "Xcode 9.3";
			developmentRegion = en;
			hasScannedForEncodings = 0;
			knownRegions = (
				en,
				Base,
			);
			mainGroup = A23E678D253986C600B12688;
			productRefGroup = A23E6797253986C600B12688 /* Products */;
			projectDirPath = "";
			projectRoot = "";
			targets = (
				A23E6795253986C600B12688 /* Test */,
				A23E67B0253986CA00B12688 /* TestTests */,
				A23E67BB253986CA00B12688 /* TestUITests */,
			);
		};
/* End PBXProject section */

/* Begin PBXResourcesBuildPhase section */
		A23E6794253986C600B12688 /* Resources */ = {
			isa = PBXResourcesBuildPhase;
			buildActionMask = 2147483647;
			files = (
				A23E67A9253986C900B12688 /* LaunchScreen.storyboard in Resources */,
				A23E67A6253986C900B12688 /* Assets.xcassets in Resources */,
				A23E67A4253986C600B12688 /* Main.storyboard in Resources */,
			);
			runOnlyForDeploymentPostprocessing = 0;
		};
		A23E67AF253986CA00B12688 /* Resources */ = {
			isa = PBXResourcesBuildPhase;
			buildActionMask = 2147483647;
			files = (
			);
			runOnlyForDeploymentPostprocessing = 0;
		};
		A23E67BA253986CA00B12688 /* Resources */ = {
			isa = PBXResourcesBuildPhase;
			buildActionMask = 2147483647;
			files = (
			);
			runOnlyForDeploymentPostprocessing = 0;
		};
/* End PBXResourcesBuildPhase section */

/* Begin PBXSourcesBuildPhase section */
		A23E6792253986C600B12688 /* Sources */ = {
			isa = PBXSourcesBuildPhase;
			buildActionMask = 2147483647;
			files = (
				A23E67A1253986C600B12688 /* ViewController.mm in Sources */,
				A23E679B253986C600B12688 /* AppDelegate.m in Sources */,
				A23E67AC253986C900B12688 /* main.m in Sources */,
				A23E679E253986C600B12688 /* SceneDelegate.m in Sources */,
			);
			runOnlyForDeploymentPostprocessing = 0;
		};
		A23E67AD253986CA00B12688 /* Sources */ = {
			isa = PBXSourcesBuildPhase;
			buildActionMask = 2147483647;
			files = (
				A23E67B6253986CA00B12688 /* TestTests.m in Sources */,
			);
			runOnlyForDeploymentPostprocessing = 0;
		};
		A23E67B8253986CA00B12688 /* Sources */ = {
			isa = PBXSourcesBuildPhase;
			buildActionMask = 2147483647;
			files = (
				A23E67C1253986CA00B12688 /* TestUITests.m in Sources */,
			);
			runOnlyForDeploymentPostprocessing = 0;
		};
/* End PBXSourcesBuildPhase section */

/* Begin PBXTargetDependency section */
		A23E67B3253986CA00B12688 /* PBXTargetDependency */ = {
			isa = PBXTargetDependency;
			target = A23E6795253986C600B12688 /* Test */;
			targetProxy = A23E67B2253986CA00B12688 /* PBXContainerItemProxy */;
		};
		A23E67BE253986CA00B12688 /* PBXTargetDependency */ = {
			isa = PBXTargetDependency;
			target = A23E6795253986C600B12688 /* Test */;
			targetProxy = A23E67BD253986CA00B12688 /* PBXContainerItemProxy */;
		};
/* End PBXTargetDependency section */

/* Begin PBXVariantGroup section */
		A23E67A2253986C600B12688 /* Main.storyboard */ = {
			isa = PBXVariantGroup;
			children = (
				A23E67A3253986C600B12688 /* Base */,
			);
			name = Main.storyboard;
			sourceTree = "<group>";
		};
		A23E67A7253986C900B12688 /* LaunchScreen.storyboard */ = {
			isa = PBXVariantGroup;
			children = (
				A23E67A8253986C900B12688 /* Base */,
			);
			name = LaunchScreen.storyboard;
			sourceTree = "<group>";
		};
/* End PBXVariantGroup section */

/* Begin XCBuildConfiguration section */
		A23E67C3253986CA00B12688 /* Debug */ = {
			isa = XCBuildConfiguration;
			buildSettings = {
				ALWAYS_SEARCH_USER_PATHS = NO;
				CLANG_ANALYZER_NONNULL = YES;
				CLANG_ANALYZER_NUMBER_OBJECT_CONVERSION = YES_AGGRESSIVE;
				CLANG_CXX_LANGUAGE_STANDARD = "gnu++14";
				CLANG_CXX_LIBRARY = "libc++";
				CLANG_ENABLE_MODULES = YES;
				CLANG_ENABLE_OBJC_ARC = YES;
				CLANG_ENABLE_OBJC_WEAK = YES;
				CLANG_WARN_BLOCK_CAPTURE_AUTORELEASING = YES;
				CLANG_WARN_BOOL_CONVERSION = YES;
				CLANG_WARN_COMMA = YES;
				CLANG_WARN_CONSTANT_CONVERSION = YES;
				CLANG_WARN_DEPRECATED_OBJC_IMPLEMENTATIONS = YES;
				CLANG_WARN_DIRECT_OBJC_ISA_USAGE = YES_ERROR;
				CLANG_WARN_DOCUMENTATION_COMMENTS = YES;
				CLANG_WARN_EMPTY_BODY = YES;
				CLANG_WARN_ENUM_CONVERSION = YES;
				CLANG_WARN_INFINITE_RECURSION = YES;
				CLANG_WARN_INT_CONVERSION = YES;
				CLANG_WARN_NON_LITERAL_NULL_CONVERSION = YES;
				CLANG_WARN_OBJC_IMPLICIT_RETAIN_SELF = YES;
				CLANG_WARN_OBJC_LITERAL_CONVERSION = YES;
				CLANG_WARN_OBJC_ROOT_CLASS = YES_ERROR;
				CLANG_WARN_QUOTED_INCLUDE_IN_FRAMEWORK_HEADER = YES;
				CLANG_WARN_RANGE_LOOP_ANALYSIS = YES;
				CLANG_WARN_STRICT_PROTOTYPES = YES;
				CLANG_WARN_SUSPICIOUS_MOVE = YES;
				CLANG_WARN_UNGUARDED_AVAILABILITY = YES_AGGRESSIVE;
				CLANG_WARN_UNREACHABLE_CODE = YES;
				CLANG_WARN__DUPLICATE_METHOD_MATCH = YES;
				COPY_PHASE_STRIP = NO;
				DEBUG_INFORMATION_FORMAT = dwarf;
				ENABLE_STRICT_OBJC_MSGSEND = YES;
				ENABLE_TESTABILITY = YES;
				GCC_C_LANGUAGE_STANDARD = gnu11;
				GCC_DYNAMIC_NO_PIC = NO;
				GCC_NO_COMMON_BLOCKS = YES;
				GCC_OPTIMIZATION_LEVEL = 0;
				GCC_PREPROCESSOR_DEFINITIONS = (
					"DEBUG=1",
					"$(inherited)",
				);
				GCC_WARN_64_TO_32_BIT_CONVERSION = YES;
				GCC_WARN_ABOUT_RETURN_TYPE = YES_ERROR;
				GCC_WARN_UNDECLARED_SELECTOR = YES;
				GCC_WARN_UNINITIALIZED_AUTOS = YES_AGGRESSIVE;
				GCC_WARN_UNUSED_FUNCTION = YES;
				GCC_WARN_UNUSED_VARIABLE = YES;
				IPHONEOS_DEPLOYMENT_TARGET = 14.0;
				MTL_ENABLE_DEBUG_INFO = INCLUDE_SOURCE;
				MTL_FAST_MATH = YES;
				ONLY_ACTIVE_ARCH = YES;
				SDKROOT = iphoneos;
			};
			name = Debug;
		};
		A23E67C4253986CA00B12688 /* Release */ = {
			isa = XCBuildConfiguration;
			buildSettings = {
				ALWAYS_SEARCH_USER_PATHS = NO;
				CLANG_ANALYZER_NONNULL = YES;
				CLANG_ANALYZER_NUMBER_OBJECT_CONVERSION = YES_AGGRESSIVE;
				CLANG_CXX_LANGUAGE_STANDARD = "gnu++14";
				CLANG_CXX_LIBRARY = "libc++";
				CLANG_ENABLE_MODULES = YES;
				CLANG_ENABLE_OBJC_ARC = YES;
				CLANG_ENABLE_OBJC_WEAK = YES;
				CLANG_WARN_BLOCK_CAPTURE_AUTORELEASING = YES;
				CLANG_WARN_BOOL_CONVERSION = YES;
				CLANG_WARN_COMMA = YES;
				CLANG_WARN_CONSTANT_CONVERSION = YES;
				CLANG_WARN_DEPRECATED_OBJC_IMPLEMENTATIONS = YES;
				CLANG_WARN_DIRECT_OBJC_ISA_USAGE = YES_ERROR;
				CLANG_WARN_DOCUMENTATION_COMMENTS = YES;
				CLANG_WARN_EMPTY_BODY = YES;
				CLANG_WARN_ENUM_CONVERSION = YES;
				CLANG_WARN_INFINITE_RECURSION = YES;
				CLANG_WARN_INT_CONVERSION = YES;
				CLANG_WARN_NON_LITERAL_NULL_CONVERSION = YES;
				CLANG_WARN_OBJC_IMPLICIT_RETAIN_SELF = YES;
				CLANG_WARN_OBJC_LITERAL_CONVERSION = YES;
				CLANG_WARN_OBJC_ROOT_CLASS = YES_ERROR;
				CLANG_WARN_QUOTED_INCLUDE_IN_FRAMEWORK_HEADER = YES;
				CLANG_WARN_RANGE_LOOP_ANALYSIS = YES;
				CLANG_WARN_STRICT_PROTOTYPES = YES;
				CLANG_WARN_SUSPICIOUS_MOVE = YES;
				CLANG_WARN_UNGUARDED_AVAILABILITY = YES_AGGRESSIVE;
				CLANG_WARN_UNREACHABLE_CODE = YES;
				CLANG_WARN__DUPLICATE_METHOD_MATCH = YES;
				COPY_PHASE_STRIP = NO;
				DEBUG_INFORMATION_FORMAT = "dwarf-with-dsym";
				ENABLE_NS_ASSERTIONS = NO;
				ENABLE_STRICT_OBJC_MSGSEND = YES;
				GCC_C_LANGUAGE_STANDARD = gnu11;
				GCC_NO_COMMON_BLOCKS = YES;
				GCC_WARN_64_TO_32_BIT_CONVERSION = YES;
				GCC_WARN_ABOUT_RETURN_TYPE = YES_ERROR;
				GCC_WARN_UNDECLARED_SELECTOR = YES;
				GCC_WARN_UNINITIALIZED_AUTOS = YES_AGGRESSIVE;
				GCC_WARN_UNUSED_FUNCTION = YES;
				GCC_WARN_UNUSED_VARIABLE = YES;
				IPHONEOS_DEPLOYMENT_TARGET = 14.0;
				MTL_ENABLE_DEBUG_INFO = NO;
				MTL_FAST_MATH = YES;
				SDKROOT = iphoneos;
				VALIDATE_PRODUCT = YES;
			};
			name = Release;
		};
		A23E67C6253986CA00B12688 /* Debug */ = {
			isa = XCBuildConfiguration;
			buildSettings = {
				ASSETCATALOG_COMPILER_APPICON_NAME = AppIcon;
				ASSETCATALOG_COMPILER_GLOBAL_ACCENT_COLOR_NAME = AccentColor;
				CODE_SIGN_STYLE = Automatic;
				DEVELOPMENT_TEAM = MH4ZKZTS68;
				INFOPLIST_FILE = Test/Info.plist;
				LD_RUNPATH_SEARCH_PATHS = (
					"$(inherited)",
					"@executable_path/Frameworks",
				);
				PRODUCT_BUNDLE_IDENTIFIER = com.layabox.conch6.Test;
				PRODUCT_NAME = "$(TARGET_NAME)";
				TARGETED_DEVICE_FAMILY = "1,2";
			};
			name = Debug;
		};
		A23E67C7253986CA00B12688 /* Release */ = {
			isa = XCBuildConfiguration;
			buildSettings = {
				ASSETCATALOG_COMPILER_APPICON_NAME = AppIcon;
				ASSETCATALOG_COMPILER_GLOBAL_ACCENT_COLOR_NAME = AccentColor;
				CODE_SIGN_STYLE = Automatic;
				DEVELOPMENT_TEAM = MH4ZKZTS68;
				INFOPLIST_FILE = Test/Info.plist;
				LD_RUNPATH_SEARCH_PATHS = (
					"$(inherited)",
					"@executable_path/Frameworks",
				);
				PRODUCT_BUNDLE_IDENTIFIER = com.layabox.conch6.Test;
				PRODUCT_NAME = "$(TARGET_NAME)";
				TARGETED_DEVICE_FAMILY = "1,2";
			};
			name = Release;
		};
		A23E67C9253986CA00B12688 /* Debug */ = {
			isa = XCBuildConfiguration;
			buildSettings = {
				BUNDLE_LOADER = "$(TEST_HOST)";
				CODE_SIGN_STYLE = Automatic;
				DEVELOPMENT_TEAM = MH4ZKZTS68;
				INFOPLIST_FILE = TestTests/Info.plist;
				IPHONEOS_DEPLOYMENT_TARGET = 14.0;
				LD_RUNPATH_SEARCH_PATHS = (
					"$(inherited)",
					"@executable_path/Frameworks",
					"@loader_path/Frameworks",
				);
				PRODUCT_BUNDLE_IDENTIFIER = com.layabox.conch6.TestTests;
				PRODUCT_NAME = "$(TARGET_NAME)";
				TARGETED_DEVICE_FAMILY = "1,2";
				TEST_HOST = "$(BUILT_PRODUCTS_DIR)/Test.app/Test";
			};
			name = Debug;
		};
		A23E67CA253986CA00B12688 /* Release */ = {
			isa = XCBuildConfiguration;
			buildSettings = {
				BUNDLE_LOADER = "$(TEST_HOST)";
				CODE_SIGN_STYLE = Automatic;
				DEVELOPMENT_TEAM = MH4ZKZTS68;
				INFOPLIST_FILE = TestTests/Info.plist;
				IPHONEOS_DEPLOYMENT_TARGET = 14.0;
				LD_RUNPATH_SEARCH_PATHS = (
					"$(inherited)",
					"@executable_path/Frameworks",
					"@loader_path/Frameworks",
				);
				PRODUCT_BUNDLE_IDENTIFIER = com.layabox.conch6.TestTests;
				PRODUCT_NAME = "$(TARGET_NAME)";
				TARGETED_DEVICE_FAMILY = "1,2";
				TEST_HOST = "$(BUILT_PRODUCTS_DIR)/Test.app/Test";
			};
			name = Release;
		};
		A23E67CC253986CA00B12688 /* Debug */ = {
			isa = XCBuildConfiguration;
			buildSettings = {
				CODE_SIGN_STYLE = Automatic;
				DEVELOPMENT_TEAM = MH4ZKZTS68;
				INFOPLIST_FILE = TestUITests/Info.plist;
				LD_RUNPATH_SEARCH_PATHS = (
					"$(inherited)",
					"@executable_path/Frameworks",
					"@loader_path/Frameworks",
				);
				PRODUCT_BUNDLE_IDENTIFIER = com.layabox.conch6.TestUITests;
				PRODUCT_NAME = "$(TARGET_NAME)";
				TARGETED_DEVICE_FAMILY = "1,2";
				TEST_TARGET_NAME = Test;
			};
			name = Debug;
		};
		A23E67CD253986CA00B12688 /* Release */ = {
			isa = XCBuildConfiguration;
			buildSettings = {
				CODE_SIGN_STYLE = Automatic;
				DEVELOPMENT_TEAM = MH4ZKZTS68;
				INFOPLIST_FILE = TestUITests/Info.plist;
				LD_RUNPATH_SEARCH_PATHS = (
					"$(inherited)",
					"@executable_path/Frameworks",
					"@loader_path/Frameworks",
				);
				PRODUCT_BUNDLE_IDENTIFIER = com.layabox.conch6.TestUITests;
				PRODUCT_NAME = "$(TARGET_NAME)";
				TARGETED_DEVICE_FAMILY = "1,2";
				TEST_TARGET_NAME = Test;
			};
			name = Release;
		};
/* End XCBuildConfiguration section */

/* Begin XCConfigurationList section */
		A23E6791253986C600B12688 /* Build configuration list for PBXProject "Test" */ = {
			isa = XCConfigurationList;
			buildConfigurations = (
				A23E67C3253986CA00B12688 /* Debug */,
				A23E67C4253986CA00B12688 /* Release */,
			);
			defaultConfigurationIsVisible = 0;
			defaultConfigurationName = Release;
		};
		A23E67C5253986CA00B12688 /* Build configuration list for PBXNativeTarget "Test" */ = {
			isa = XCConfigurationList;
			buildConfigurations = (
				A23E67C6253986CA00B12688 /* Debug */,
				A23E67C7253986CA00B12688 /* Release */,
			);
			defaultConfigurationIsVisible = 0;
			defaultConfigurationName = Release;
		};
		A23E67C8253986CA00B12688 /* Build configuration list for PBXNativeTarget "TestTests" */ = {
			isa = XCConfigurationList;
			buildConfigurations = (
				A23E67C9253986CA00B12688 /* Debug */,
				A23E67CA253986CA00B12688 /* Release */,
			);
			defaultConfigurationIsVisible = 0;
			defaultConfigurationName = Release;
		};
		A23E67CB253986CA00B12688 /* Build configuration list for PBXNativeTarget "TestUITests" */ = {
			isa = XCConfigurationList;
			buildConfigurations = (
				A23E67CC253986CA00B12688 /* Debug */,
				A23E67CD253986CA00B12688 /* Release */,
			);
			defaultConfigurationIsVisible = 0;
			defaultConfigurationName = Release;
		};
/* End XCConfigurationList section */
	};
	rootObject = A23E678E253986C600B12688 /* Project object */;
}
